// !$*UTF8*$!
{
	archiveVersion = 1;
	classes = {
	};
	objectVersion = 56;
	objects = {

/* Begin PBXBuildFile section */
		4800B15A2A36573200CD6F60 /* PromptView.swift in Sources */ = {isa = PBXBuildFile; fileRef = 4800B1592A36573200CD6F60 /* PromptView.swift */; };
		4800B15C2A3657BB00CD6F60 /* Prompts.swift in Sources */ = {isa = PBXBuildFile; fileRef = 4800B15B2A3657BB00CD6F60 /* Prompts.swift */; };
		48248BE22A32759E001DEE39 /* Kindness2-7.pdf in Resources */ = {isa = PBXBuildFile; fileRef = 48248BD42A32759D001DEE39 /* Kindness2-7.pdf */; };
		48248BE32A32759E001DEE39 /* Kindness2-5.pdf in Resources */ = {isa = PBXBuildFile; fileRef = 48248BD52A32759D001DEE39 /* Kindness2-5.pdf */; };
		48248BE42A32759E001DEE39 /* Kindness2-10.pdf in Resources */ = {isa = PBXBuildFile; fileRef = 48248BD62A32759D001DEE39 /* Kindness2-10.pdf */; };
		48248BE52A32759E001DEE39 /* Kindness2-8.pdf in Resources */ = {isa = PBXBuildFile; fileRef = 48248BD72A32759D001DEE39 /* Kindness2-8.pdf */; };
		48248BE62A32759E001DEE39 /* Kindness2-9.pdf in Resources */ = {isa = PBXBuildFile; fileRef = 48248BD82A32759D001DEE39 /* Kindness2-9.pdf */; };
		48248BE72A32759E001DEE39 /* Kindness-Catcher.pdf in Resources */ = {isa = PBXBuildFile; fileRef = 48248BD92A32759D001DEE39 /* Kindness-Catcher.pdf */; };
		48248BE82A32759E001DEE39 /* Kindness2-2.pdf in Resources */ = {isa = PBXBuildFile; fileRef = 48248BDA2A32759D001DEE39 /* Kindness2-2.pdf */; };
		48248BE92A32759E001DEE39 /* Kindness2-1.pdf in Resources */ = {isa = PBXBuildFile; fileRef = 48248BDB2A32759D001DEE39 /* Kindness2-1.pdf */; };
		48248BEA2A32759E001DEE39 /* Kindness1-1.pdf in Resources */ = {isa = PBXBuildFile; fileRef = 48248BDC2A32759D001DEE39 /* Kindness1-1.pdf */; };
		48248BEB2A32759E001DEE39 /* Kindness2-4.pdf in Resources */ = {isa = PBXBuildFile; fileRef = 48248BDD2A32759D001DEE39 /* Kindness2-4.pdf */; };
		48248BEC2A32759E001DEE39 /* Kindness1-2.pdf in Resources */ = {isa = PBXBuildFile; fileRef = 48248BDE2A32759D001DEE39 /* Kindness1-2.pdf */; };
		48248BED2A32759E001DEE39 /* Kindness2-3.pdf in Resources */ = {isa = PBXBuildFile; fileRef = 48248BDF2A32759D001DEE39 /* Kindness2-3.pdf */; };
		48248BEE2A32759E001DEE39 /* Kindness2-6.pdf in Resources */ = {isa = PBXBuildFile; fileRef = 48248BE02A32759E001DEE39 /* Kindness2-6.pdf */; };
		48248BEF2A32759E001DEE39 /* Kindness1-3.pdf in Resources */ = {isa = PBXBuildFile; fileRef = 48248BE12A32759E001DEE39 /* Kindness1-3.pdf */; };
		48248BF12A327631001DEE39 /* Activities.swift in Sources */ = {isa = PBXBuildFile; fileRef = 48248BF02A327631001DEE39 /* Activities.swift */; };
		48248BF32A32801E001DEE39 /* Coloring.swift in Sources */ = {isa = PBXBuildFile; fileRef = 48248BF22A32801E001DEE39 /* Coloring.swift */; };
		48248BF52A328D26001DEE39 /* Launch Screen.storyboard in Resources */ = {isa = PBXBuildFile; fileRef = 48248BF42A328D26001DEE39 /* Launch Screen.storyboard */; };
		48248BF72A32910E001DEE39 /* Help.swift in Sources */ = {isa = PBXBuildFile; fileRef = 48248BF62A32910E001DEE39 /* Help.swift */; };
		48248BF92A32A819001DEE39 /* Writing.swift in Sources */ = {isa = PBXBuildFile; fileRef = 48248BF82A32A819001DEE39 /* Writing.swift */; };
		48248BFC2A32C7DE001DEE39 /* Prompts.xcdatamodeld in Sources */ = {isa = PBXBuildFile; fileRef = 48248BFA2A32C7DE001DEE39 /* Prompts.xcdatamodeld */; };
		48284C812A32262900DADC43 /* BookList.swift in Sources */ = {isa = PBXBuildFile; fileRef = 48284C802A32262900DADC43 /* BookList.swift */; };
		4852E1E22A37CAD400AE450D /* Prompt+CoreDataClass.swift in Sources */ = {isa = PBXBuildFile; fileRef = 4852E1E02A37CAD400AE450D /* Prompt+CoreDataClass.swift */; };
		4852E1E32A37CAD400AE450D /* Prompt+CoreDataProperties.swift in Sources */ = {isa = PBXBuildFile; fileRef = 4852E1E12A37CAD400AE450D /* Prompt+CoreDataProperties.swift */; };
		4852E1E52A37DA2100AE450D /* PersistenceController.swift in Sources */ = {isa = PBXBuildFile; fileRef = 4852E1E42A37DA2100AE450D /* PersistenceController.swift */; };
		4852E1E72A37E18400AE450D /* Quiz.swift in Sources */ = {isa = PBXBuildFile; fileRef = 4852E1E62A37E18400AE450D /* Quiz.swift */; };
		4852E1E92A37FD6B00AE450D /* Buttons.swift in Sources */ = {isa = PBXBuildFile; fileRef = 4852E1E82A37FD6B00AE450D /* Buttons.swift */; };
		4852E1EB2A37FDA300AE450D /* QuestionView.swift in Sources */ = {isa = PBXBuildFile; fileRef = 4852E1EA2A37FDA300AE450D /* QuestionView.swift */; };
		4852E1ED2A38000200AE450D /* ScoreView.swift in Sources */ = {isa = PBXBuildFile; fileRef = 4852E1EC2A38000200AE450D /* ScoreView.swift */; };
		48F056B62A3134AA00F5C324 /* Reese_ourcesApp.swift in Sources */ = {isa = PBXBuildFile; fileRef = 48F056B52A3134AA00F5C324 /* Reese_ourcesApp.swift */; };
		48F056B82A3134AA00F5C324 /* ContentView.swift in Sources */ = {isa = PBXBuildFile; fileRef = 48F056B72A3134AA00F5C324 /* ContentView.swift */; };
		48F056BA2A3134AB00F5C324 /* Assets.xcassets in Resources */ = {isa = PBXBuildFile; fileRef = 48F056B92A3134AB00F5C324 /* Assets.xcassets */; };
		48F056BD2A3134AB00F5C324 /* Preview Assets.xcassets in Resources */ = {isa = PBXBuildFile; fileRef = 48F056BC2A3134AB00F5C324 /* Preview Assets.xcassets */; };
		48F056C72A3134AB00F5C324 /* Reese_ourcesTests.swift in Sources */ = {isa = PBXBuildFile; fileRef = 48F056C62A3134AB00F5C324 /* Reese_ourcesTests.swift */; };
		48F056D12A3134AB00F5C324 /* Reese_ourcesUITests.swift in Sources */ = {isa = PBXBuildFile; fileRef = 48F056D02A3134AB00F5C324 /* Reese_ourcesUITests.swift */; };
		48F056D32A3134AB00F5C324 /* Reese_ourcesUITestsLaunchTests.swift in Sources */ = {isa = PBXBuildFile; fileRef = 48F056D22A3134AB00F5C324 /* Reese_ourcesUITestsLaunchTests.swift */; };
		48F056E92A3142E100F5C324 /* DancingScript-Bold.ttf in Resources */ = {isa = PBXBuildFile; fileRef = 48F056E72A3142E100F5C324 /* DancingScript-Bold.ttf */; };
		48F056EA2A3142E100F5C324 /* Gabriela-Regular.ttf in Resources */ = {isa = PBXBuildFile; fileRef = 48F056E82A3142E100F5C324 /* Gabriela-Regular.ttf */; };
		48F056EC2A31526100F5C324 /* PDFView.swift in Sources */ = {isa = PBXBuildFile; fileRef = 48F056EB2A31526100F5C324 /* PDFView.swift */; };
		48F056F02A3156D300F5C324 /* BRAVE.pdf in Resources */ = {isa = PBXBuildFile; fileRef = 48F056EF2A3156D300F5C324 /* BRAVE.pdf */; };
		48F056F42A316CF900F5C324 /* Program.pdf in Resources */ = {isa = PBXBuildFile; fileRef = 48F056F12A316CF900F5C324 /* Program.pdf */; };
		48F056F52A316CF900F5C324 /* Pledge.pdf in Resources */ = {isa = PBXBuildFile; fileRef = 48F056F22A316CF900F5C324 /* Pledge.pdf */; };
		48F056F62A316CF900F5C324 /* Mission.pdf in Resources */ = {isa = PBXBuildFile; fileRef = 48F056F32A316CF900F5C324 /* Mission.pdf */; };
/* End PBXBuildFile section */

/* Begin PBXContainerItemProxy section */
		48F056C32A3134AB00F5C324 /* PBXContainerItemProxy */ = {
			isa = PBXContainerItemProxy;
			containerPortal = 48F056AA2A3134AA00F5C324 /* Project object */;
			proxyType = 1;
			remoteGlobalIDString = 48F056B12A3134AA00F5C324;
			remoteInfo = "Reese-ources";
		};
		48F056CD2A3134AB00F5C324 /* PBXContainerItemProxy */ = {
			isa = PBXContainerItemProxy;
			containerPortal = 48F056AA2A3134AA00F5C324 /* Project object */;
			proxyType = 1;
			remoteGlobalIDString = 48F056B12A3134AA00F5C324;
			remoteInfo = "Reese-ources";
		};
/* End PBXContainerItemProxy section */

/* Begin PBXFileReference section */
		4800B1592A36573200CD6F60 /* PromptView.swift */ = {isa = PBXFileReference; lastKnownFileType = sourcecode.swift; path = PromptView.swift; sourceTree = "<group>"; };
		4800B15B2A3657BB00CD6F60 /* Prompts.swift */ = {isa = PBXFileReference; lastKnownFileType = sourcecode.swift; path = Prompts.swift; sourceTree = "<group>"; };
		48248BD42A32759D001DEE39 /* Kindness2-7.pdf */ = {isa = PBXFileReference; lastKnownFileType = image.pdf; path = "Kindness2-7.pdf"; sourceTree = "<group>"; };
		48248BD52A32759D001DEE39 /* Kindness2-5.pdf */ = {isa = PBXFileReference; lastKnownFileType = image.pdf; path = "Kindness2-5.pdf"; sourceTree = "<group>"; };
		48248BD62A32759D001DEE39 /* Kindness2-10.pdf */ = {isa = PBXFileReference; lastKnownFileType = image.pdf; path = "Kindness2-10.pdf"; sourceTree = "<group>"; };
		48248BD72A32759D001DEE39 /* Kindness2-8.pdf */ = {isa = PBXFileReference; lastKnownFileType = image.pdf; path = "Kindness2-8.pdf"; sourceTree = "<group>"; };
		48248BD82A32759D001DEE39 /* Kindness2-9.pdf */ = {isa = PBXFileReference; lastKnownFileType = image.pdf; path = "Kindness2-9.pdf"; sourceTree = "<group>"; };
		48248BD92A32759D001DEE39 /* Kindness-Catcher.pdf */ = {isa = PBXFileReference; lastKnownFileType = image.pdf; path = "Kindness-Catcher.pdf"; sourceTree = "<group>"; };
		48248BDA2A32759D001DEE39 /* Kindness2-2.pdf */ = {isa = PBXFileReference; lastKnownFileType = image.pdf; path = "Kindness2-2.pdf"; sourceTree = "<group>"; };
		48248BDB2A32759D001DEE39 /* Kindness2-1.pdf */ = {isa = PBXFileReference; lastKnownFileType = image.pdf; path = "Kindness2-1.pdf"; sourceTree = "<group>"; };
		48248BDC2A32759D001DEE39 /* Kindness1-1.pdf */ = {isa = PBXFileReference; lastKnownFileType = image.pdf; path = "Kindness1-1.pdf"; sourceTree = "<group>"; };
		48248BDD2A32759D001DEE39 /* Kindness2-4.pdf */ = {isa = PBXFileReference; lastKnownFileType = image.pdf; path = "Kindness2-4.pdf"; sourceTree = "<group>"; };
		48248BDE2A32759D001DEE39 /* Kindness1-2.pdf */ = {isa = PBXFileReference; lastKnownFileType = image.pdf; path = "Kindness1-2.pdf"; sourceTree = "<group>"; };
		48248BDF2A32759D001DEE39 /* Kindness2-3.pdf */ = {isa = PBXFileReference; lastKnownFileType = image.pdf; path = "Kindness2-3.pdf"; sourceTree = "<group>"; };
		48248BE02A32759E001DEE39 /* Kindness2-6.pdf */ = {isa = PBXFileReference; lastKnownFileType = image.pdf; path = "Kindness2-6.pdf"; sourceTree = "<group>"; };
		48248BE12A32759E001DEE39 /* Kindness1-3.pdf */ = {isa = PBXFileReference; lastKnownFileType = image.pdf; path = "Kindness1-3.pdf"; sourceTree = "<group>"; };
		48248BF02A327631001DEE39 /* Activities.swift */ = {isa = PBXFileReference; lastKnownFileType = sourcecode.swift; path = Activities.swift; sourceTree = "<group>"; };
		48248BF22A32801E001DEE39 /* Coloring.swift */ = {isa = PBXFileReference; lastKnownFileType = sourcecode.swift; path = Coloring.swift; sourceTree = "<group>"; };
		48248BF42A328D26001DEE39 /* Launch Screen.storyboard */ = {isa = PBXFileReference; lastKnownFileType = file.storyboard; path = "Launch Screen.storyboard"; sourceTree = "<group>"; };
		48248BF62A32910E001DEE39 /* Help.swift */ = {isa = PBXFileReference; lastKnownFileType = sourcecode.swift; path = Help.swift; sourceTree = "<group>"; };
		48248BF82A32A819001DEE39 /* Writing.swift */ = {isa = PBXFileReference; lastKnownFileType = sourcecode.swift; path = Writing.swift; sourceTree = "<group>"; };
		48248BFB2A32C7DE001DEE39 /* Prompts.xcdatamodel */ = {isa = PBXFileReference; lastKnownFileType = wrapper.xcdatamodel; path = Prompts.xcdatamodel; sourceTree = "<group>"; };
		48284C802A32262900DADC43 /* BookList.swift */ = {isa = PBXFileReference; lastKnownFileType = sourcecode.swift; path = BookList.swift; sourceTree = "<group>"; };
		4852E1E02A37CAD400AE450D /* Prompt+CoreDataClass.swift */ = {isa = PBXFileReference; lastKnownFileType = sourcecode.swift; name = "Prompt+CoreDataClass.swift"; path = "Reese-ources/Prompt+CoreDataClass.swift"; sourceTree = "<group>"; };
		4852E1E12A37CAD400AE450D /* Prompt+CoreDataProperties.swift */ = {isa = PBXFileReference; lastKnownFileType = sourcecode.swift; name = "Prompt+CoreDataProperties.swift"; path = "Reese-ources/Prompt+CoreDataProperties.swift"; sourceTree = "<group>"; };
		4852E1E42A37DA2100AE450D /* PersistenceController.swift */ = {isa = PBXFileReference; lastKnownFileType = sourcecode.swift; path = PersistenceController.swift; sourceTree = "<group>"; };
		4852E1E62A37E18400AE450D /* Quiz.swift */ = {isa = PBXFileReference; lastKnownFileType = sourcecode.swift; path = Quiz.swift; sourceTree = "<group>"; };
		4852E1E82A37FD6B00AE450D /* Buttons.swift */ = {isa = PBXFileReference; fileEncoding = 4; lastKnownFileType = sourcecode.swift; path = Buttons.swift; sourceTree = "<group>"; };
		4852E1EA2A37FDA300AE450D /* QuestionView.swift */ = {isa = PBXFileReference; fileEncoding = 4; lastKnownFileType = sourcecode.swift; path = QuestionView.swift; sourceTree = "<group>"; };
		4852E1EC2A38000200AE450D /* ScoreView.swift */ = {isa = PBXFileReference; fileEncoding = 4; lastKnownFileType = sourcecode.swift; path = ScoreView.swift; sourceTree = "<group>"; };
		48F056B22A3134AA00F5C324 /* Reese-ources.app */ = {isa = PBXFileReference; explicitFileType = wrapper.application; includeInIndex = 0; path = "Reese-ources.app"; sourceTree = BUILT_PRODUCTS_DIR; };
		48F056B52A3134AA00F5C324 /* Reese_ourcesApp.swift */ = {isa = PBXFileReference; lastKnownFileType = sourcecode.swift; path = Reese_ourcesApp.swift; sourceTree = "<group>"; };
		48F056B72A3134AA00F5C324 /* ContentView.swift */ = {isa = PBXFileReference; lastKnownFileType = sourcecode.swift; path = ContentView.swift; sourceTree = "<group>"; };
		48F056B92A3134AB00F5C324 /* Assets.xcassets */ = {isa = PBXFileReference; lastKnownFileType = folder.assetcatalog; path = Assets.xcassets; sourceTree = "<group>"; };
		48F056BC2A3134AB00F5C324 /* Preview Assets.xcassets */ = {isa = PBXFileReference; lastKnownFileType = folder.assetcatalog; path = "Preview Assets.xcassets"; sourceTree = "<group>"; };
		48F056C22A3134AB00F5C324 /* Reese-ourcesTests.xctest */ = {isa = PBXFileReference; explicitFileType = wrapper.cfbundle; includeInIndex = 0; path = "Reese-ourcesTests.xctest"; sourceTree = BUILT_PRODUCTS_DIR; };
		48F056C62A3134AB00F5C324 /* Reese_ourcesTests.swift */ = {isa = PBXFileReference; lastKnownFileType = sourcecode.swift; path = Reese_ourcesTests.swift; sourceTree = "<group>"; };
		48F056CC2A3134AB00F5C324 /* Reese-ourcesUITests.xctest */ = {isa = PBXFileReference; explicitFileType = wrapper.cfbundle; includeInIndex = 0; path = "Reese-ourcesUITests.xctest"; sourceTree = BUILT_PRODUCTS_DIR; };
		48F056D02A3134AB00F5C324 /* Reese_ourcesUITests.swift */ = {isa = PBXFileReference; lastKnownFileType = sourcecode.swift; path = Reese_ourcesUITests.swift; sourceTree = "<group>"; };
		48F056D22A3134AB00F5C324 /* Reese_ourcesUITestsLaunchTests.swift */ = {isa = PBXFileReference; lastKnownFileType = sourcecode.swift; path = Reese_ourcesUITestsLaunchTests.swift; sourceTree = "<group>"; };
		48F056E52A3142D400F5C324 /* Info.plist */ = {isa = PBXFileReference; fileEncoding = 4; lastKnownFileType = text.plist.xml; path = Info.plist; sourceTree = "<group>"; };
		48F056E72A3142E100F5C324 /* DancingScript-Bold.ttf */ = {isa = PBXFileReference; lastKnownFileType = file; path = "DancingScript-Bold.ttf"; sourceTree = "<group>"; };
		48F056E82A3142E100F5C324 /* Gabriela-Regular.ttf */ = {isa = PBXFileReference; lastKnownFileType = file; path = "Gabriela-Regular.ttf"; sourceTree = "<group>"; };
		48F056EB2A31526100F5C324 /* PDFView.swift */ = {isa = PBXFileReference; lastKnownFileType = sourcecode.swift; path = PDFView.swift; sourceTree = "<group>"; };
		48F056EF2A3156D300F5C324 /* BRAVE.pdf */ = {isa = PBXFileReference; lastKnownFileType = image.pdf; path = BRAVE.pdf; sourceTree = "<group>"; };
		48F056F12A316CF900F5C324 /* Program.pdf */ = {isa = PBXFileReference; lastKnownFileType = image.pdf; path = Program.pdf; sourceTree = "<group>"; };
		48F056F22A316CF900F5C324 /* Pledge.pdf */ = {isa = PBXFileReference; lastKnownFileType = image.pdf; path = Pledge.pdf; sourceTree = "<group>"; };
		48F056F32A316CF900F5C324 /* Mission.pdf */ = {isa = PBXFileReference; lastKnownFileType = image.pdf; path = Mission.pdf; sourceTree = "<group>"; };
/* End PBXFileReference section */

/* Begin PBXFrameworksBuildPhase section */
		48F056AF2A3134AA00F5C324 /* Frameworks */ = {
			isa = PBXFrameworksBuildPhase;
			buildActionMask = 2147483647;
			files = (
			);
			runOnlyForDeploymentPostprocessing = 0;
		};
		48F056BF2A3134AB00F5C324 /* Frameworks */ = {
			isa = PBXFrameworksBuildPhase;
			buildActionMask = 2147483647;
			files = (
			);
			runOnlyForDeploymentPostprocessing = 0;
		};
		48F056C92A3134AB00F5C324 /* Frameworks */ = {
			isa = PBXFrameworksBuildPhase;
			buildActionMask = 2147483647;
			files = (
			);
			runOnlyForDeploymentPostprocessing = 0;
		};
/* End PBXFrameworksBuildPhase section */

/* Begin PBXGroup section */
		48F056A92A3134AA00F5C324 = {
			isa = PBXGroup;
			children = (
				4852E1E02A37CAD400AE450D /* Prompt+CoreDataClass.swift */,
				4852E1E12A37CAD400AE450D /* Prompt+CoreDataProperties.swift */,
				48F056E72A3142E100F5C324 /* DancingScript-Bold.ttf */,
				48F056E82A3142E100F5C324 /* Gabriela-Regular.ttf */,
				48F056B42A3134AA00F5C324 /* Reese-ources */,
				48F056C52A3134AB00F5C324 /* Reese-ourcesTests */,
				48F056CF2A3134AB00F5C324 /* Reese-ourcesUITests */,
				48F056B32A3134AA00F5C324 /* Products */,
			);
			sourceTree = "<group>";
		};
		48F056B32A3134AA00F5C324 /* Products */ = {
			isa = PBXGroup;
			children = (
				48F056B22A3134AA00F5C324 /* Reese-ources.app */,
				48F056C22A3134AB00F5C324 /* Reese-ourcesTests.xctest */,
				48F056CC2A3134AB00F5C324 /* Reese-ourcesUITests.xctest */,
			);
			name = Products;
			sourceTree = "<group>";
		};
		48F056B42A3134AA00F5C324 /* Reese-ources */ = {
			isa = PBXGroup;
			children = (
				4852E1EA2A37FDA300AE450D /* QuestionView.swift */,
				4852E1EC2A38000200AE450D /* ScoreView.swift */,
				4852E1E82A37FD6B00AE450D /* Buttons.swift */,
				48248BD92A32759D001DEE39 /* Kindness-Catcher.pdf */,
				48248BDC2A32759D001DEE39 /* Kindness1-1.pdf */,
				48248BDE2A32759D001DEE39 /* Kindness1-2.pdf */,
				48248BE12A32759E001DEE39 /* Kindness1-3.pdf */,
				48248BDB2A32759D001DEE39 /* Kindness2-1.pdf */,
				48248BDA2A32759D001DEE39 /* Kindness2-2.pdf */,
				48248BDF2A32759D001DEE39 /* Kindness2-3.pdf */,
				48248BDD2A32759D001DEE39 /* Kindness2-4.pdf */,
				48248BD52A32759D001DEE39 /* Kindness2-5.pdf */,
				48248BE02A32759E001DEE39 /* Kindness2-6.pdf */,
				48248BD42A32759D001DEE39 /* Kindness2-7.pdf */,
				48248BD72A32759D001DEE39 /* Kindness2-8.pdf */,
				48248BD82A32759D001DEE39 /* Kindness2-9.pdf */,
				48248BD62A32759D001DEE39 /* Kindness2-10.pdf */,
				48F056F32A316CF900F5C324 /* Mission.pdf */,
				48F056F22A316CF900F5C324 /* Pledge.pdf */,
				48F056F12A316CF900F5C324 /* Program.pdf */,
				48F056EF2A3156D300F5C324 /* BRAVE.pdf */,
				48F056E52A3142D400F5C324 /* Info.plist */,
				48F056B52A3134AA00F5C324 /* Reese_ourcesApp.swift */,
				48F056B72A3134AA00F5C324 /* ContentView.swift */,
				48F056EB2A31526100F5C324 /* PDFView.swift */,
				48284C802A32262900DADC43 /* BookList.swift */,
				48248BF02A327631001DEE39 /* Activities.swift */,
				48248BF62A32910E001DEE39 /* Help.swift */,
				48248BF22A32801E001DEE39 /* Coloring.swift */,
				48248BF82A32A819001DEE39 /* Writing.swift */,
				4800B1592A36573200CD6F60 /* PromptView.swift */,
				4800B15B2A3657BB00CD6F60 /* Prompts.swift */,
				48248BFA2A32C7DE001DEE39 /* Prompts.xcdatamodeld */,
				48F056B92A3134AB00F5C324 /* Assets.xcassets */,
				48F056BB2A3134AB00F5C324 /* Preview Content */,
				48248BF42A328D26001DEE39 /* Launch Screen.storyboard */,
				4852E1E42A37DA2100AE450D /* PersistenceController.swift */,
				4852E1E62A37E18400AE450D /* Quiz.swift */,
			);
			path = "Reese-ources";
			sourceTree = "<group>";
		};
		48F056BB2A3134AB00F5C324 /* Preview Content */ = {
			isa = PBXGroup;
			children = (
				48F056BC2A3134AB00F5C324 /* Preview Assets.xcassets */,
			);
			path = "Preview Content";
			sourceTree = "<group>";
		};
		48F056C52A3134AB00F5C324 /* Reese-ourcesTests */ = {
			isa = PBXGroup;
			children = (
				48F056C62A3134AB00F5C324 /* Reese_ourcesTests.swift */,
			);
			path = "Reese-ourcesTests";
			sourceTree = "<group>";
		};
		48F056CF2A3134AB00F5C324 /* Reese-ourcesUITests */ = {
			isa = PBXGroup;
			children = (
				48F056D02A3134AB00F5C324 /* Reese_ourcesUITests.swift */,
				48F056D22A3134AB00F5C324 /* Reese_ourcesUITestsLaunchTests.swift */,
			);
			path = "Reese-ourcesUITests";
			sourceTree = "<group>";
		};
/* End PBXGroup section */

/* Begin PBXNativeTarget section */
		48F056B12A3134AA00F5C324 /* Reese-ources */ = {
			isa = PBXNativeTarget;
			buildConfigurationList = 48F056D62A3134AB00F5C324 /* Build configuration list for PBXNativeTarget "Reese-ources" */;
			buildPhases = (
				48F056AE2A3134AA00F5C324 /* Sources */,
				48F056AF2A3134AA00F5C324 /* Frameworks */,
				48F056B02A3134AA00F5C324 /* Resources */,
			);
			buildRules = (
			);
			dependencies = (
			);
			name = "Reese-ources";
			productName = "Reese-ources";
			productReference = 48F056B22A3134AA00F5C324 /* Reese-ources.app */;
			productType = "com.apple.product-type.application";
		};
		48F056C12A3134AB00F5C324 /* Reese-ourcesTests */ = {
			isa = PBXNativeTarget;
			buildConfigurationList = 48F056D92A3134AB00F5C324 /* Build configuration list for PBXNativeTarget "Reese-ourcesTests" */;
			buildPhases = (
				48F056BE2A3134AB00F5C324 /* Sources */,
				48F056BF2A3134AB00F5C324 /* Frameworks */,
				48F056C02A3134AB00F5C324 /* Resources */,
			);
			buildRules = (
			);
			dependencies = (
				48F056C42A3134AB00F5C324 /* PBXTargetDependency */,
			);
			name = "Reese-ourcesTests";
			productName = "Reese-ourcesTests";
			productReference = 48F056C22A3134AB00F5C324 /* Reese-ourcesTests.xctest */;
			productType = "com.apple.product-type.bundle.unit-test";
		};
		48F056CB2A3134AB00F5C324 /* Reese-ourcesUITests */ = {
			isa = PBXNativeTarget;
			buildConfigurationList = 48F056DC2A3134AB00F5C324 /* Build configuration list for PBXNativeTarget "Reese-ourcesUITests" */;
			buildPhases = (
				48F056C82A3134AB00F5C324 /* Sources */,
				48F056C92A3134AB00F5C324 /* Frameworks */,
				48F056CA2A3134AB00F5C324 /* Resources */,
			);
			buildRules = (
			);
			dependencies = (
				48F056CE2A3134AB00F5C324 /* PBXTargetDependency */,
			);
			name = "Reese-ourcesUITests";
			productName = "Reese-ourcesUITests";
			productReference = 48F056CC2A3134AB00F5C324 /* Reese-ourcesUITests.xctest */;
			productType = "com.apple.product-type.bundle.ui-testing";
		};
/* End PBXNativeTarget section */

/* Begin PBXProject section */
		48F056AA2A3134AA00F5C324 /* Project object */ = {
			isa = PBXProject;
			attributes = {
				BuildIndependentTargetsInParallel = 1;
				LastSwiftUpdateCheck = 1430;
				LastUpgradeCheck = 1430;
				TargetAttributes = {
					48F056B12A3134AA00F5C324 = {
						CreatedOnToolsVersion = 14.3.1;
					};
					48F056C12A3134AB00F5C324 = {
						CreatedOnToolsVersion = 14.3.1;
						TestTargetID = 48F056B12A3134AA00F5C324;
					};
					48F056CB2A3134AB00F5C324 = {
						CreatedOnToolsVersion = 14.3.1;
						TestTargetID = 48F056B12A3134AA00F5C324;
					};
				};
			};
			buildConfigurationList = 48F056AD2A3134AA00F5C324 /* Build configuration list for PBXProject "Reese-ources" */;
			compatibilityVersion = "Xcode 14.0";
			developmentRegion = en;
			hasScannedForEncodings = 0;
			knownRegions = (
				en,
				Base,
			);
			mainGroup = 48F056A92A3134AA00F5C324;
			productRefGroup = 48F056B32A3134AA00F5C324 /* Products */;
			projectDirPath = "";
			projectRoot = "";
			targets = (
				48F056B12A3134AA00F5C324 /* Reese-ources */,
				48F056C12A3134AB00F5C324 /* Reese-ourcesTests */,
				48F056CB2A3134AB00F5C324 /* Reese-ourcesUITests */,
			);
		};
/* End PBXProject section */

/* Begin PBXResourcesBuildPhase section */
		48F056B02A3134AA00F5C324 /* Resources */ = {
			isa = PBXResourcesBuildPhase;
			buildActionMask = 2147483647;
			files = (
				48248BE82A32759E001DEE39 /* Kindness2-2.pdf in Resources */,
				48F056F02A3156D300F5C324 /* BRAVE.pdf in Resources */,
				48248BE62A32759E001DEE39 /* Kindness2-9.pdf in Resources */,
				48248BE72A32759E001DEE39 /* Kindness-Catcher.pdf in Resources */,
				48248BED2A32759E001DEE39 /* Kindness2-3.pdf in Resources */,
				48F056BD2A3134AB00F5C324 /* Preview Assets.xcassets in Resources */,
				48248BE32A32759E001DEE39 /* Kindness2-5.pdf in Resources */,
				48248BEC2A32759E001DEE39 /* Kindness1-2.pdf in Resources */,
				48248BEA2A32759E001DEE39 /* Kindness1-1.pdf in Resources */,
				48248BEE2A32759E001DEE39 /* Kindness2-6.pdf in Resources */,
				48248BE92A32759E001DEE39 /* Kindness2-1.pdf in Resources */,
				48248BEF2A32759E001DEE39 /* Kindness1-3.pdf in Resources */,
				48F056F52A316CF900F5C324 /* Pledge.pdf in Resources */,
				48F056EA2A3142E100F5C324 /* Gabriela-Regular.ttf in Resources */,
				48F056F42A316CF900F5C324 /* Program.pdf in Resources */,
				48F056F62A316CF900F5C324 /* Mission.pdf in Resources */,
				48248BE22A32759E001DEE39 /* Kindness2-7.pdf in Resources */,
				48F056BA2A3134AB00F5C324 /* Assets.xcassets in Resources */,
				48248BE52A32759E001DEE39 /* Kindness2-8.pdf in Resources */,
				48248BEB2A32759E001DEE39 /* Kindness2-4.pdf in Resources */,
				48248BE42A32759E001DEE39 /* Kindness2-10.pdf in Resources */,
				48248BF52A328D26001DEE39 /* Launch Screen.storyboard in Resources */,
				48F056E92A3142E100F5C324 /* DancingScript-Bold.ttf in Resources */,
			);
			runOnlyForDeploymentPostprocessing = 0;
		};
		48F056C02A3134AB00F5C324 /* Resources */ = {
			isa = PBXResourcesBuildPhase;
			buildActionMask = 2147483647;
			files = (
			);
			runOnlyForDeploymentPostprocessing = 0;
		};
		48F056CA2A3134AB00F5C324 /* Resources */ = {
			isa = PBXResourcesBuildPhase;
			buildActionMask = 2147483647;
			files = (
			);
			runOnlyForDeploymentPostprocessing = 0;
		};
/* End PBXResourcesBuildPhase section */

/* Begin PBXSourcesBuildPhase section */
		48F056AE2A3134AA00F5C324 /* Sources */ = {
			isa = PBXSourcesBuildPhase;
			buildActionMask = 2147483647;
			files = (
				48248BF72A32910E001DEE39 /* Help.swift in Sources */,
				4852E1E52A37DA2100AE450D /* PersistenceController.swift in Sources */,
				48248BF32A32801E001DEE39 /* Coloring.swift in Sources */,
				4852E1E22A37CAD400AE450D /* Prompt+CoreDataClass.swift in Sources */,
				4800B15C2A3657BB00CD6F60 /* Prompts.swift in Sources */,
				48284C812A32262900DADC43 /* BookList.swift in Sources */,
				4852E1E32A37CAD400AE450D /* Prompt+CoreDataProperties.swift in Sources */,
				4852E1E92A37FD6B00AE450D /* Buttons.swift in Sources */,
				48F056B82A3134AA00F5C324 /* ContentView.swift in Sources */,
				4852E1EB2A37FDA300AE450D /* QuestionView.swift in Sources */,
				48248BF92A32A819001DEE39 /* Writing.swift in Sources */,
				4852E1ED2A38000200AE450D /* ScoreView.swift in Sources */,
				48F056B62A3134AA00F5C324 /* Reese_ourcesApp.swift in Sources */,
				48248BF12A327631001DEE39 /* Activities.swift in Sources */,
				4852E1E72A37E18400AE450D /* Quiz.swift in Sources */,
				48248BFC2A32C7DE001DEE39 /* Prompts.xcdatamodeld in Sources */,
				4800B15A2A36573200CD6F60 /* PromptView.swift in Sources */,
				48F056EC2A31526100F5C324 /* PDFView.swift in Sources */,
			);
			runOnlyForDeploymentPostprocessing = 0;
		};
		48F056BE2A3134AB00F5C324 /* Sources */ = {
			isa = PBXSourcesBuildPhase;
			buildActionMask = 2147483647;
			files = (
				48F056C72A3134AB00F5C324 /* Reese_ourcesTests.swift in Sources */,
			);
			runOnlyForDeploymentPostprocessing = 0;
		};
		48F056C82A3134AB00F5C324 /* Sources */ = {
			isa = PBXSourcesBuildPhase;
			buildActionMask = 2147483647;
			files = (
				48F056D32A3134AB00F5C324 /* Reese_ourcesUITestsLaunchTests.swift in Sources */,
				48F056D12A3134AB00F5C324 /* Reese_ourcesUITests.swift in Sources */,
			);
			runOnlyForDeploymentPostprocessing = 0;
		};
/* End PBXSourcesBuildPhase section */

/* Begin PBXTargetDependency section */
		48F056C42A3134AB00F5C324 /* PBXTargetDependency */ = {
			isa = PBXTargetDependency;
			target = 48F056B12A3134AA00F5C324 /* Reese-ources */;
			targetProxy = 48F056C32A3134AB00F5C324 /* PBXContainerItemProxy */;
		};
		48F056CE2A3134AB00F5C324 /* PBXTargetDependency */ = {
			isa = PBXTargetDependency;
			target = 48F056B12A3134AA00F5C324 /* Reese-ources */;
			targetProxy = 48F056CD2A3134AB00F5C324 /* PBXContainerItemProxy */;
		};
/* End PBXTargetDependency section */

/* Begin XCBuildConfiguration section */
		48F056D42A3134AB00F5C324 /* Debug */ = {
			isa = XCBuildConfiguration;
			buildSettings = {
				ALWAYS_SEARCH_USER_PATHS = NO;
				CLANG_ANALYZER_NONNULL = YES;
				CLANG_ANALYZER_NUMBER_OBJECT_CONVERSION = YES_AGGRESSIVE;
				CLANG_CXX_LANGUAGE_STANDARD = "gnu++20";
				CLANG_ENABLE_MODULES = YES;
				CLANG_ENABLE_OBJC_ARC = YES;
				CLANG_ENABLE_OBJC_WEAK = YES;
				CLANG_WARN_BLOCK_CAPTURE_AUTORELEASING = YES;
				CLANG_WARN_BOOL_CONVERSION = YES;
				CLANG_WARN_COMMA = YES;
				CLANG_WARN_CONSTANT_CONVERSION = YES;
				CLANG_WARN_DEPRECATED_OBJC_IMPLEMENTATIONS = YES;
				CLANG_WARN_DIRECT_OBJC_ISA_USAGE = YES_ERROR;
				CLANG_WARN_DOCUMENTATION_COMMENTS = YES;
				CLANG_WARN_EMPTY_BODY = YES;
				CLANG_WARN_ENUM_CONVERSION = YES;
				CLANG_WARN_INFINITE_RECURSION = YES;
				CLANG_WARN_INT_CONVERSION = YES;
				CLANG_WARN_NON_LITERAL_NULL_CONVERSION = YES;
				CLANG_WARN_OBJC_IMPLICIT_RETAIN_SELF = YES;
				CLANG_WARN_OBJC_LITERAL_CONVERSION = YES;
				CLANG_WARN_OBJC_ROOT_CLASS = YES_ERROR;
				CLANG_WARN_QUOTED_INCLUDE_IN_FRAMEWORK_HEADER = YES;
				CLANG_WARN_RANGE_LOOP_ANALYSIS = YES;
				CLANG_WARN_STRICT_PROTOTYPES = YES;
				CLANG_WARN_SUSPICIOUS_MOVE = YES;
				CLANG_WARN_UNGUARDED_AVAILABILITY = YES_AGGRESSIVE;
				CLANG_WARN_UNREACHABLE_CODE = YES;
				CLANG_WARN__DUPLICATE_METHOD_MATCH = YES;
				COPY_PHASE_STRIP = NO;
				DEBUG_INFORMATION_FORMAT = dwarf;
				ENABLE_STRICT_OBJC_MSGSEND = YES;
				ENABLE_TESTABILITY = YES;
				GCC_C_LANGUAGE_STANDARD = gnu11;
				GCC_DYNAMIC_NO_PIC = NO;
				GCC_NO_COMMON_BLOCKS = YES;
				GCC_OPTIMIZATION_LEVEL = 0;
				GCC_PREPROCESSOR_DEFINITIONS = (
					"DEBUG=1",
					"$(inherited)",
				);
				GCC_WARN_64_TO_32_BIT_CONVERSION = YES;
				GCC_WARN_ABOUT_RETURN_TYPE = YES_ERROR;
				GCC_WARN_UNDECLARED_SELECTOR = YES;
				GCC_WARN_UNINITIALIZED_AUTOS = YES_AGGRESSIVE;
				GCC_WARN_UNUSED_FUNCTION = YES;
				GCC_WARN_UNUSED_VARIABLE = YES;
				IPHONEOS_DEPLOYMENT_TARGET = 16.4;
				MTL_ENABLE_DEBUG_INFO = INCLUDE_SOURCE;
				MTL_FAST_MATH = YES;
				ONLY_ACTIVE_ARCH = YES;
				SDKROOT = iphoneos;
				SWIFT_ACTIVE_COMPILATION_CONDITIONS = DEBUG;
				SWIFT_OPTIMIZATION_LEVEL = "-Onone";
			};
			name = Debug;
		};
		48F056D52A3134AB00F5C324 /* Release */ = {
			isa = XCBuildConfiguration;
			buildSettings = {
				ALWAYS_SEARCH_USER_PATHS = NO;
				CLANG_ANALYZER_NONNULL = YES;
				CLANG_ANALYZER_NUMBER_OBJECT_CONVERSION = YES_AGGRESSIVE;
				CLANG_CXX_LANGUAGE_STANDARD = "gnu++20";
				CLANG_ENABLE_MODULES = YES;
				CLANG_ENABLE_OBJC_ARC = YES;
				CLANG_ENABLE_OBJC_WEAK = YES;
				CLANG_WARN_BLOCK_CAPTURE_AUTORELEASING = YES;
				CLANG_WARN_BOOL_CONVERSION = YES;
				CLANG_WARN_COMMA = YES;
				CLANG_WARN_CONSTANT_CONVERSION = YES;
				CLANG_WARN_DEPRECATED_OBJC_IMPLEMENTATIONS = YES;
				CLANG_WARN_DIRECT_OBJC_ISA_USAGE = YES_ERROR;
				CLANG_WARN_DOCUMENTATION_COMMENTS = YES;
				CLANG_WARN_EMPTY_BODY = YES;
				CLANG_WARN_ENUM_CONVERSION = YES;
				CLANG_WARN_INFINITE_RECURSION = YES;
				CLANG_WARN_INT_CONVERSION = YES;
				CLANG_WARN_NON_LITERAL_NULL_CONVERSION = YES;
				CLANG_WARN_OBJC_IMPLICIT_RETAIN_SELF = YES;
				CLANG_WARN_OBJC_LITERAL_CONVERSION = YES;
				CLANG_WARN_OBJC_ROOT_CLASS = YES_ERROR;
				CLANG_WARN_QUOTED_INCLUDE_IN_FRAMEWORK_HEADER = YES;
				CLANG_WARN_RANGE_LOOP_ANALYSIS = YES;
				CLANG_WARN_STRICT_PROTOTYPES = YES;
				CLANG_WARN_SUSPICIOUS_MOVE = YES;
				CLANG_WARN_UNGUARDED_AVAILABILITY = YES_AGGRESSIVE;
				CLANG_WARN_UNREACHABLE_CODE = YES;
				CLANG_WARN__DUPLICATE_METHOD_MATCH = YES;
				COPY_PHASE_STRIP = NO;
				DEBUG_INFORMATION_FORMAT = "dwarf-with-dsym";
				ENABLE_NS_ASSERTIONS = NO;
				ENABLE_STRICT_OBJC_MSGSEND = YES;
				GCC_C_LANGUAGE_STANDARD = gnu11;
				GCC_NO_COMMON_BLOCKS = YES;
				GCC_WARN_64_TO_32_BIT_CONVERSION = YES;
				GCC_WARN_ABOUT_RETURN_TYPE = YES_ERROR;
				GCC_WARN_UNDECLARED_SELECTOR = YES;
				GCC_WARN_UNINITIALIZED_AUTOS = YES_AGGRESSIVE;
				GCC_WARN_UNUSED_FUNCTION = YES;
				GCC_WARN_UNUSED_VARIABLE = YES;
				IPHONEOS_DEPLOYMENT_TARGET = 16.4;
				MTL_ENABLE_DEBUG_INFO = NO;
				MTL_FAST_MATH = YES;
				SDKROOT = iphoneos;
				SWIFT_COMPILATION_MODE = wholemodule;
				SWIFT_OPTIMIZATION_LEVEL = "-O";
				VALIDATE_PRODUCT = YES;
			};
			name = Release;
		};
		48F056D72A3134AB00F5C324 /* Debug */ = {
			isa = XCBuildConfiguration;
			buildSettings = {
				ASSETCATALOG_COMPILER_APPICON_NAME = AppIcon;
				ASSETCATALOG_COMPILER_GLOBAL_ACCENT_COLOR_NAME = AccentColor;
				CODE_SIGN_STYLE = Automatic;
				CURRENT_PROJECT_VERSION = 1;
				DEVELOPMENT_ASSET_PATHS = "DancingScript-Bold.ttf Reese-ources/Preview\\ Content Gabriela-Regular.ttf";
				DEVELOPMENT_TEAM = AG7M436GF7;
				ENABLE_PREVIEWS = YES;
				GENERATE_INFOPLIST_FILE = YES;
				INFOPLIST_FILE = "Reese-ources/Info.plist";
				INFOPLIST_KEY_CFBundleDisplayName = "Reese-ources";
				INFOPLIST_KEY_LSApplicationCategoryType = "public.app-category.lifestyle";
				INFOPLIST_KEY_UIApplicationSceneManifest_Generation = YES;
				INFOPLIST_KEY_UIApplicationSupportsIndirectInputEvents = YES;
				INFOPLIST_KEY_UILaunchScreen_Generation = YES;
				INFOPLIST_KEY_UILaunchStoryboardName = "Launch Screen.storyboard";
				INFOPLIST_KEY_UISupportedInterfaceOrientations = UIInterfaceOrientationPortrait;
				LD_RUNPATH_SEARCH_PATHS = (
					"$(inherited)",
					"@executable_path/Frameworks",
				);
				MARKETING_VERSION = 1.0;
				PRODUCT_BUNDLE_IDENTIFIER = "YellowBird.dev.Reese-ources";
				PRODUCT_NAME = "$(TARGET_NAME)";
				SUPPORTED_PLATFORMS = "iphoneos iphonesimulator";
				SUPPORTS_MACCATALYST = NO;
				SUPPORTS_MAC_DESIGNED_FOR_IPHONE_IPAD = NO;
				SWIFT_EMIT_LOC_STRINGS = YES;
				SWIFT_VERSION = 5.0;
				TARGETED_DEVICE_FAMILY = 1;
			};
			name = Debug;
		};
		48F056D82A3134AB00F5C324 /* Release */ = {
			isa = XCBuildConfiguration;
			buildSettings = {
				ASSETCATALOG_COMPILER_APPICON_NAME = AppIcon;
				ASSETCATALOG_COMPILER_GLOBAL_ACCENT_COLOR_NAME = AccentColor;
				CODE_SIGN_STYLE = Automatic;
				CURRENT_PROJECT_VERSION = 1;
				DEVELOPMENT_ASSET_PATHS = "DancingScript-Bold.ttf Reese-ources/Preview\\ Content Gabriela-Regular.ttf";
				DEVELOPMENT_TEAM = AG7M436GF7;
				ENABLE_PREVIEWS = YES;
				GENERATE_INFOPLIST_FILE = YES;
				INFOPLIST_FILE = "Reese-ources/Info.plist";
				INFOPLIST_KEY_CFBundleDisplayName = "Reese-ources";
				INFOPLIST_KEY_LSApplicationCategoryType = "public.app-category.lifestyle";
				INFOPLIST_KEY_UIApplicationSceneManifest_Generation = YES;
				INFOPLIST_KEY_UIApplicationSupportsIndirectInputEvents = YES;
				INFOPLIST_KEY_UILaunchScreen_Generation = YES;
				INFOPLIST_KEY_UILaunchStoryboardName = "Launch Screen.storyboard";
				INFOPLIST_KEY_UISupportedInterfaceOrientations = UIInterfaceOrientationPortrait;
				LD_RUNPATH_SEARCH_PATHS = (
					"$(inherited)",
					"@executable_path/Frameworks",
				);
				MARKETING_VERSION = 1.0;
				PRODUCT_BUNDLE_IDENTIFIER = "YellowBird.dev.Reese-ources";
				PRODUCT_NAME = "$(TARGET_NAME)";
				SUPPORTED_PLATFORMS = "iphoneos iphonesimulator";
				SUPPORTS_MACCATALYST = NO;
				SUPPORTS_MAC_DESIGNED_FOR_IPHONE_IPAD = NO;
				SWIFT_EMIT_LOC_STRINGS = YES;
				SWIFT_VERSION = 5.0;
				TARGETED_DEVICE_FAMILY = 1;
			};
			name = Release;
		};
		48F056DA2A3134AB00F5C324 /* Debug */ = {
			isa = XCBuildConfiguration;
			buildSettings = {
				ALWAYS_EMBED_SWIFT_STANDARD_LIBRARIES = YES;
				BUNDLE_LOADER = "$(TEST_HOST)";
				CODE_SIGN_STYLE = Automatic;
				CURRENT_PROJECT_VERSION = 1;
				DEVELOPMENT_TEAM = AG7M436GF7;
				GENERATE_INFOPLIST_FILE = YES;
				IPHONEOS_DEPLOYMENT_TARGET = 16.4;
				MARKETING_VERSION = 1.0;
				PRODUCT_BUNDLE_IDENTIFIER = "YellowBird.dev.Reese-ourcesTests";
				PRODUCT_NAME = "$(TARGET_NAME)";
				SWIFT_EMIT_LOC_STRINGS = NO;
				SWIFT_VERSION = 5.0;
				TARGETED_DEVICE_FAMILY = "1,2";
				TEST_HOST = "$(BUILT_PRODUCTS_DIR)/Reese-ources.app/$(BUNDLE_EXECUTABLE_FOLDER_PATH)/Reese-ources";
			};
			name = Debug;
		};
		48F056DB2A3134AB00F5C324 /* Release */ = {
			isa = XCBuildConfiguration;
			buildSettings = {
				ALWAYS_EMBED_SWIFT_STANDARD_LIBRARIES = YES;
				BUNDLE_LOADER = "$(TEST_HOST)";
				CODE_SIGN_STYLE = Automatic;
				CURRENT_PROJECT_VERSION = 1;
				DEVELOPMENT_TEAM = AG7M436GF7;
				GENERATE_INFOPLIST_FILE = YES;
				IPHONEOS_DEPLOYMENT_TARGET = 16.4;
				MARKETING_VERSION = 1.0;
				PRODUCT_BUNDLE_IDENTIFIER = "YellowBird.dev.Reese-ourcesTests";
				PRODUCT_NAME = "$(TARGET_NAME)";
				SWIFT_EMIT_LOC_STRINGS = NO;
				SWIFT_VERSION = 5.0;
				TARGETED_DEVICE_FAMILY = "1,2";
				TEST_HOST = "$(BUILT_PRODUCTS_DIR)/Reese-ources.app/$(BUNDLE_EXECUTABLE_FOLDER_PATH)/Reese-ources";
			};
			name = Release;
		};
		48F056DD2A3134AB00F5C324 /* Debug */ = {
			isa = XCBuildConfiguration;
			buildSettings = {
				ALWAYS_EMBED_SWIFT_STANDARD_LIBRARIES = YES;
				CODE_SIGN_STYLE = Automatic;
				CURRENT_PROJECT_VERSION = 1;
				DEVELOPMENT_TEAM = AG7M436GF7;
				GENERATE_INFOPLIST_FILE = YES;
				MARKETING_VERSION = 1.0;
				PRODUCT_BUNDLE_IDENTIFIER = "YellowBird.dev.Reese-ourcesUITests";
				PRODUCT_NAME = "$(TARGET_NAME)";
				SWIFT_EMIT_LOC_STRINGS = NO;
				SWIFT_VERSION = 5.0;
				TARGETED_DEVICE_FAMILY = "1,2";
				TEST_TARGET_NAME = "Reese-ources";
			};
			name = Debug;
		};
		48F056DE2A3134AB00F5C324 /* Release */ = {
			isa = XCBuildConfiguration;
			buildSettings = {
				ALWAYS_EMBED_SWIFT_STANDARD_LIBRARIES = YES;
				CODE_SIGN_STYLE = Automatic;
				CURRENT_PROJECT_VERSION = 1;
				DEVELOPMENT_TEAM = AG7M436GF7;
				GENERATE_INFOPLIST_FILE = YES;
				MARKETING_VERSION = 1.0;
				PRODUCT_BUNDLE_IDENTIFIER = "YellowBird.dev.Reese-ourcesUITests";
				PRODUCT_NAME = "$(TARGET_NAME)";
				SWIFT_EMIT_LOC_STRINGS = NO;
				SWIFT_VERSION = 5.0;
				TARGETED_DEVICE_FAMILY = "1,2";
				TEST_TARGET_NAME = "Reese-ources";
			};
			name = Release;
		};
/* End XCBuildConfiguration section */

/* Begin XCConfigurationList section */
		48F056AD2A3134AA00F5C324 /* Build configuration list for PBXProject "Reese-ources" */ = {
			isa = XCConfigurationList;
			buildConfigurations = (
				48F056D42A3134AB00F5C324 /* Debug */,
				48F056D52A3134AB00F5C324 /* Release */,
			);
			defaultConfigurationIsVisible = 0;
			defaultConfigurationName = Release;
		};
		48F056D62A3134AB00F5C324 /* Build configuration list for PBXNativeTarget "Reese-ources" */ = {
			isa = XCConfigurationList;
			buildConfigurations = (
				48F056D72A3134AB00F5C324 /* Debug */,
				48F056D82A3134AB00F5C324 /* Release */,
			);
			defaultConfigurationIsVisible = 0;
			defaultConfigurationName = Release;
		};
		48F056D92A3134AB00F5C324 /* Build configuration list for PBXNativeTarget "Reese-ourcesTests" */ = {
			isa = XCConfigurationList;
			buildConfigurations = (
				48F056DA2A3134AB00F5C324 /* Debug */,
				48F056DB2A3134AB00F5C324 /* Release */,
			);
			defaultConfigurationIsVisible = 0;
			defaultConfigurationName = Release;
		};
		48F056DC2A3134AB00F5C324 /* Build configuration list for PBXNativeTarget "Reese-ourcesUITests" */ = {
			isa = XCConfigurationList;
			buildConfigurations = (
				48F056DD2A3134AB00F5C324 /* Debug */,
				48F056DE2A3134AB00F5C324 /* Release */,
			);
			defaultConfigurationIsVisible = 0;
			defaultConfigurationName = Release;
		};
/* End XCConfigurationList section */

/* Begin XCVersionGroup section */
		48248BFA2A32C7DE001DEE39 /* Prompts.xcdatamodeld */ = {
			isa = XCVersionGroup;
			children = (
				48248BFB2A32C7DE001DEE39 /* Prompts.xcdatamodel */,
			);
			currentVersion = 48248BFB2A32C7DE001DEE39 /* Prompts.xcdatamodel */;
			path = Prompts.xcdatamodeld;
			sourceTree = "<group>";
			versionGroupType = wrapper.xcdatamodel;
		};
/* End XCVersionGroup section */
	};
	rootObject = 48F056AA2A3134AA00F5C324 /* Project object */;
}
